
Microsoft Visual Studio Solution File, Format Version 12.00
# Visual Studio Version 17
VisualStudioVersion = 17.0.31903.59
MinimumVisualStudioVersion = 10.0.40219.1
Project("{FAE04EC0-301F-11D3-BF4B-00C04F79EFBC}") = "UniSimple", "UniSimple/UniSimple.csproj", "{15A05421-8957-404C-8549-80ADC4C584CD}"
EndProject
Project("{FAE04EC0-301F-11D3-BF4B-00C04F79EFBC}") = "UniSimple.Editor", "UniSimple.Editor\UniSimple.Editor.csproj", "{C5DF713A-F2E2-4630-B521-5EC384A1227E}"
EndProject
Project("{FAE04EC0-301F-11D3-BF4B-00C04F79EFBC}") = "UniSimple.YooAsset", "UniSimple.YooAsset\UniSimple.YooAsset.csproj", "{63891734-B857-488C-B54B-7F51BB776DE2}"
EndProject
Global
	GlobalSection(SolutionConfigurationPlatforms) = preSolution
		Debug|Any CPU = Debug|Any CPU
		Debug|x64 = Debug|x64
		Debug|x86 = Debug|x86
		Release|Any CPU = Release|Any CPU
		Release|x64 = Release|x64
		Release|x86 = Release|x86
	EndGlobalSection
	GlobalSection(ProjectConfigurationPlatforms) = postSolution
		{15A05421-8957-404C-8549-80ADC4C584CD}.Debug|Any CPU.ActiveCfg = Debug|Any CPU
		{15A05421-8957-404C-8549-80ADC4C584CD}.Debug|Any CPU.Build.0 = Debug|Any CPU
		{15A05421-8957-404C-8549-80ADC4C584CD}.Debug|x64.ActiveCfg = Debug|Any CPU
		{15A05421-8957-404C-8549-80ADC4C584CD}.Debug|x64.Build.0 = Debug|Any CPU
		{15A05421-8957-404C-8549-80ADC4C584CD}.Debug|x86.ActiveCfg = Debug|Any CPU
		{15A05421-8957-404C-8549-80ADC4C584CD}.Debug|x86.Build.0 = Debug|Any CPU
		{15A05421-8957-404C-8549-80ADC4C584CD}.Release|Any CPU.ActiveCfg = Release|Any CPU
		{15A05421-8957-404C-8549-80ADC4C584CD}.Release|Any CPU.Build.0 = Release|Any CPU
		{15A05421-8957-404C-8549-80ADC4C584CD}.Release|x64.ActiveCfg = Release|Any CPU
		{15A05421-8957-404C-8549-80ADC4C584CD}.Release|x64.Build.0 = Release|Any CPU
		{15A05421-8957-404C-8549-80ADC4C584CD}.Release|x86.ActiveCfg = Release|Any CPU
		{15A05421-8957-404C-8549-80ADC4C584CD}.Release|x86.Build.0 = Release|Any CPU
		{C5DF713A-F2E2-4630-B521-5EC384A1227E}.Debug|Any CPU.ActiveCfg = Debug|Any CPU
		{C5DF713A-F2E2-4630-B521-5EC384A1227E}.Debug|Any CPU.Build.0 = Debug|Any CPU
		{C5DF713A-F2E2-4630-B521-5EC384A1227E}.Debug|x64.ActiveCfg = Debug|Any CPU
		{C5DF713A-F2E2-4630-B521-5EC384A1227E}.Debug|x64.Build.0 = Debug|Any CPU
		{C5DF713A-F2E2-4630-B521-5EC384A1227E}.Debug|x86.ActiveCfg = Debug|Any CPU
		{C5DF713A-F2E2-4630-B521-5EC384A1227E}.Debug|x86.Build.0 = Debug|Any CPU
		{C5DF713A-F2E2-4630-B521-5EC384A1227E}.Release|Any CPU.ActiveCfg = Release|Any CPU
		{C5DF713A-F2E2-4630-B521-5EC384A1227E}.Release|Any CPU.Build.0 = Release|Any CPU
		{C5DF713A-F2E2-4630-B521-5EC384A1227E}.Release|x64.ActiveCfg = Release|Any CPU
		{C5DF713A-F2E2-4630-B521-5EC384A1227E}.Release|x64.Build.0 = Release|Any CPU
		{C5DF713A-F2E2-4630-B521-5EC384A1227E}.Release|x86.ActiveCfg = Release|Any CPU
		{C5DF713A-F2E2-4630-B521-5EC384A1227E}.Release|x86.Build.0 = Release|Any CPU
		{63891734-B857-488C-B54B-7F51BB776DE2}.Debug|Any CPU.ActiveCfg = Debug|Any CPU
		{63891734-B857-488C-B54B-7F51BB776DE2}.Debug|Any CPU.Build.0 = Debug|Any CPU
		{63891734-B857-488C-B54B-7F51BB776DE2}.Debug|x64.ActiveCfg = Debug|Any CPU
		{63891734-B857-488C-B54B-7F51BB776DE2}.Debug|x64.Build.0 = Debug|Any CPU
		{63891734-B857-488C-B54B-7F51BB776DE2}.Debug|x86.ActiveCfg = Debug|Any CPU
		{63891734-B857-488C-B54B-7F51BB776DE2}.Debug|x86.Build.0 = Debug|Any CPU
		{63891734-B857-488C-B54B-7F51BB776DE2}.Release|Any CPU.ActiveCfg = Release|Any CPU
		{63891734-B857-488C-B54B-7F51BB776DE2}.Release|Any CPU.Build.0 = Release|Any CPU
		{63891734-B857-488C-B54B-7F51BB776DE2}.Release|x64.ActiveCfg = Release|Any CPU
		{63891734-B857-488C-B54B-7F51BB776DE2}.Release|x64.Build.0 = Release|Any CPU
		{63891734-B857-488C-B54B-7F51BB776DE2}.Release|x86.ActiveCfg = Release|Any CPU
		{63891734-B857-488C-B54B-7F51BB776DE2}.Release|x86.Build.0 = Release|Any CPU
	EndGlobalSection
	GlobalSection(SolutionProperties) = preSolution
		HideSolutionNode = FALSE
	EndGlobalSection
EndGlobal
